
Microsoft Visual Studio Solution File, Format Version 12.00
# Visual Studio 15
VisualStudioVersion = 15.0.28307.168
MinimumVisualStudioVersion = 10.0.40219.1
Project("{FAE04EC0-301F-11D3-BF4B-00C04F79EFBC}") = "WPF_Property_Data_EventTriggers", "WPF_Property_Data_EventTriggers\WPF_Property_Data_EventTriggers.csproj", "{88504D49-9F10-4592-B0EB-74EAF38C349B}"
EndProject
Global
	GlobalSection(SolutionConfigurationPlatforms) = preSolution
		Debug|Any CPU = Debug|Any CPU
		Release|Any CPU = Release|Any CPU
	EndGlobalSection
	GlobalSection(ProjectConfigurationPlatforms) = postSolution
		{88504D49-9F10-4592-B0EB-74EAF38C349B}.Debug|Any CPU.ActiveCfg = Debug|Any CPU
		{88504D49-9F10-4592-B0EB-74EAF38C349B}.Debug|Any CPU.Build.0 = Debug|Any CPU
		{88504D49-9F10-4592-B0EB-74EAF38C349B}.Release|Any CPU.ActiveCfg = Release|Any CPU
		{88504D49-9F10-4592-B0EB-74EAF38C349B}.Release|Any CPU.Build.0 = Release|Any CPU
	EndGlobalSection
	GlobalSection(SolutionProperties) = preSolution
		HideSolutionNode = FALSE
	EndGlobalSection
	GlobalSection(ExtensibilityGlobals) = postSolution
		SolutionGuid = {FA4C0245-9EF0-46CA-8282-584935343B51}
	EndGlobalSection
EndGlobal
