
Microsoft Visual Studio Solution File, Format Version 12.00
# Visual Studio 15
VisualStudioVersion = 15.0.28307.168
MinimumVisualStudioVersion = 10.0.40219.1
Project("{FAE04EC0-301F-11D3-BF4B-00C04F79EFBC}") = "WPF_CheckBox", "WPF_CheckBox\WPF_CheckBox.csproj", "{6B80403C-F6A3-47C1-A36E-B1BA6DCE8A87}"
EndProject
Global
	GlobalSection(SolutionConfigurationPlatforms) = preSolution
		Debug|Any CPU = Debug|Any CPU
		Release|Any CPU = Release|Any CPU
	EndGlobalSection
	GlobalSection(ProjectConfigurationPlatforms) = postSolution
		{6B80403C-F6A3-47C1-A36E-B1BA6DCE8A87}.Debug|Any CPU.ActiveCfg = Debug|Any CPU
		{6B80403C-F6A3-47C1-A36E-B1BA6DCE8A87}.Debug|Any CPU.Build.0 = Debug|Any CPU
		{6B80403C-F6A3-47C1-A36E-B1BA6DCE8A87}.Release|Any CPU.ActiveCfg = Release|Any CPU
		{6B80403C-F6A3-47C1-A36E-B1BA6DCE8A87}.Release|Any CPU.Build.0 = Release|Any CPU
	EndGlobalSection
	GlobalSection(SolutionProperties) = preSolution
		HideSolutionNode = FALSE
	EndGlobalSection
	GlobalSection(ExtensibilityGlobals) = postSolution
		SolutionGuid = {3C95C77E-DAAD-4808-B599-ED9669BED054}
	EndGlobalSection
EndGlobal
