
Microsoft Visual Studio Solution File, Format Version 12.00
# Visual Studio 15
VisualStudioVersion = 15.0.28307.168
MinimumVisualStudioVersion = 10.0.40219.1
Project("{FAE04EC0-301F-11D3-BF4B-00C04F79EFBC}") = "WPF_ListBox", "WPF_ListBox\WPF_ListBox.csproj", "{09790643-BB4F-49AC-A997-353B0B854206}"
EndProject
Global
	GlobalSection(SolutionConfigurationPlatforms) = preSolution
		Debug|Any CPU = Debug|Any CPU
		Release|Any CPU = Release|Any CPU
	EndGlobalSection
	GlobalSection(ProjectConfigurationPlatforms) = postSolution
		{09790643-BB4F-49AC-A997-353B0B854206}.Debug|Any CPU.ActiveCfg = Debug|Any CPU
		{09790643-BB4F-49AC-A997-353B0B854206}.Debug|Any CPU.Build.0 = Debug|Any CPU
		{09790643-BB4F-49AC-A997-353B0B854206}.Release|Any CPU.ActiveCfg = Release|Any CPU
		{09790643-BB4F-49AC-A997-353B0B854206}.Release|Any CPU.Build.0 = Release|Any CPU
	EndGlobalSection
	GlobalSection(SolutionProperties) = preSolution
		HideSolutionNode = FALSE
	EndGlobalSection
	GlobalSection(ExtensibilityGlobals) = postSolution
		SolutionGuid = {156D0BC5-D4E6-4C80-AA5E-6CE3816E5A18}
	EndGlobalSection
EndGlobal
