
Microsoft Visual Studio Solution File, Format Version 12.00
# Visual Studio 15
VisualStudioVersion = 15.0.28307.168
MinimumVisualStudioVersion = 10.0.40219.1
Project("{FAE04EC0-301F-11D3-BF4B-00C04F79EFBC}") = "WPF_ComboBox", "WPF_ComboBox\WPF_ComboBox.csproj", "{133303EC-E88A-4306-9576-BDFA8E876E29}"
EndProject
Global
	GlobalSection(SolutionConfigurationPlatforms) = preSolution
		Debug|Any CPU = Debug|Any CPU
		Release|Any CPU = Release|Any CPU
	EndGlobalSection
	GlobalSection(ProjectConfigurationPlatforms) = postSolution
		{133303EC-E88A-4306-9576-BDFA8E876E29}.Debug|Any CPU.ActiveCfg = Debug|Any CPU
		{133303EC-E88A-4306-9576-BDFA8E876E29}.Debug|Any CPU.Build.0 = Debug|Any CPU
		{133303EC-E88A-4306-9576-BDFA8E876E29}.Release|Any CPU.ActiveCfg = Release|Any CPU
		{133303EC-E88A-4306-9576-BDFA8E876E29}.Release|Any CPU.Build.0 = Release|Any CPU
	EndGlobalSection
	GlobalSection(SolutionProperties) = preSolution
		HideSolutionNode = FALSE
	EndGlobalSection
	GlobalSection(ExtensibilityGlobals) = postSolution
		SolutionGuid = {1F7DCDD1-AD93-4B1E-B0A0-A1D5CE2724B5}
	EndGlobalSection
EndGlobal
