
Microsoft Visual Studio Solution File, Format Version 12.00
# Visual Studio 15
VisualStudioVersion = 15.0.28307.168
MinimumVisualStudioVersion = 10.0.40219.1
Project("{FAE04EC0-301F-11D3-BF4B-00C04F79EFBC}") = "AdvancedTopics", "AdvancedTopics\AdvancedTopics.csproj", "{2787136B-807F-4979-810A-146620A4C012}"
EndProject
Global
	GlobalSection(SolutionConfigurationPlatforms) = preSolution
		Debug|Any CPU = Debug|Any CPU
		Release|Any CPU = Release|Any CPU
	EndGlobalSection
	GlobalSection(ProjectConfigurationPlatforms) = postSolution
		{2787136B-807F-4979-810A-146620A4C012}.Debug|Any CPU.ActiveCfg = Debug|Any CPU
		{2787136B-807F-4979-810A-146620A4C012}.Debug|Any CPU.Build.0 = Debug|Any CPU
		{2787136B-807F-4979-810A-146620A4C012}.Release|Any CPU.ActiveCfg = Release|Any CPU
		{2787136B-807F-4979-810A-146620A4C012}.Release|Any CPU.Build.0 = Release|Any CPU
	EndGlobalSection
	GlobalSection(SolutionProperties) = preSolution
		HideSolutionNode = FALSE
	EndGlobalSection
	GlobalSection(ExtensibilityGlobals) = postSolution
		SolutionGuid = {25727055-7ACE-43D3-9882-1EC7E1EC947E}
	EndGlobalSection
EndGlobal
